
Microsoft Visual Studio Solution File, Format Version 12.00
# Visual Studio Version 16
VisualStudioVersion = 16.0.31729.503
MinimumVisualStudioVersion = 10.0.40219.1
Project("{9A19103F-16F7-4668-BE54-9A1E7A4F7556}") = "DragRace", "DragRace.csproj", "{65D5D086-E7EA-4C5C-A3C8-7409AD709F91}"
EndProject
Project("{FAE04EC0-301F-11D3-BF4B-00C04F79EFBC}") = "Exercises1.Tests", "..\Exercises1.Tests\Exercises1.Tests.csproj", "{0DC45E4E-C026-4DE6-B3DF-612B86918EE4}"
EndProject
Global
	GlobalSection(SolutionConfigurationPlatforms) = preSolution
		Debug|Any CPU = Debug|Any CPU
		Release|Any CPU = Release|Any CPU
	EndGlobalSection
	GlobalSection(ProjectConfigurationPlatforms) = postSolution
		{65D5D086-E7EA-4C5C-A3C8-7409AD709F91}.Debug|Any CPU.ActiveCfg = Debug|Any CPU
		{65D5D086-E7EA-4C5C-A3C8-7409AD709F91}.Debug|Any CPU.Build.0 = Debug|Any CPU
		{65D5D086-E7EA-4C5C-A3C8-7409AD709F91}.Release|Any CPU.ActiveCfg = Release|Any CPU
		{65D5D086-E7EA-4C5C-A3C8-7409AD709F91}.Release|Any CPU.Build.0 = Release|Any CPU
		{0DC45E4E-C026-4DE6-B3DF-612B86918EE4}.Debug|Any CPU.ActiveCfg = Debug|Any CPU
		{0DC45E4E-C026-4DE6-B3DF-612B86918EE4}.Debug|Any CPU.Build.0 = Debug|Any CPU
		{0DC45E4E-C026-4DE6-B3DF-612B86918EE4}.Release|Any CPU.ActiveCfg = Release|Any CPU
		{0DC45E4E-C026-4DE6-B3DF-612B86918EE4}.Release|Any CPU.Build.0 = Release|Any CPU
	EndGlobalSection
	GlobalSection(SolutionProperties) = preSolution
		HideSolutionNode = FALSE
	EndGlobalSection
	GlobalSection(ExtensibilityGlobals) = postSolution
		SolutionGuid = {BF4F3A57-4DB0-4147-BCAE-79CCC13E21CF}
	EndGlobalSection
EndGlobal
