
Microsoft Visual Studio Solution File, Format Version 12.00
# Visual Studio Version 16
VisualStudioVersion = 16.0.31729.503
MinimumVisualStudioVersion = 10.0.40219.1
Project("{9A19103F-16F7-4668-BE54-9A1E7A4F7556}") = "AdApp", "AdApp.csproj", "{DE09F4EB-21B6-4887-8F33-EEACEA78676E}"
EndProject
Global
	GlobalSection(SolutionConfigurationPlatforms) = preSolution
		Debug|Any CPU = Debug|Any CPU
		Release|Any CPU = Release|Any CPU
	EndGlobalSection
	GlobalSection(ProjectConfigurationPlatforms) = postSolution
		{DE09F4EB-21B6-4887-8F33-EEACEA78676E}.Debug|Any CPU.ActiveCfg = Debug|Any CPU
		{DE09F4EB-21B6-4887-8F33-EEACEA78676E}.Debug|Any CPU.Build.0 = Debug|Any CPU
		{DE09F4EB-21B6-4887-8F33-EEACEA78676E}.Release|Any CPU.ActiveCfg = Release|Any CPU
		{DE09F4EB-21B6-4887-8F33-EEACEA78676E}.Release|Any CPU.Build.0 = Release|Any CPU
	EndGlobalSection
	GlobalSection(SolutionProperties) = preSolution
		HideSolutionNode = FALSE
	EndGlobalSection
	GlobalSection(ExtensibilityGlobals) = postSolution
		SolutionGuid = {F10E0557-1853-4F09-A157-05AD14E17B49}
	EndGlobalSection
EndGlobal
